{
  "version": "5",
  "specifiers": {
    "jsr:@std/assert@*": "1.0.16",
    "jsr:@std/assert@^1.0.15": "1.0.16",
    "jsr:@std/assert@^1.0.16": "1.0.16",
    "jsr:@std/data-structures@^1.0.9": "1.0.9",
    "jsr:@std/fs@^1.0.19": "1.0.20",
    "jsr:@std/fs@^1.0.20": "1.0.20",
    "jsr:@std/internal@^1.0.12": "1.0.12",
    "jsr:@std/path@^1.1.2": "1.1.3",
    "jsr:@std/path@^1.1.3": "1.1.3",
    "jsr:@std/testing@*": "1.0.16",
    "jsr:@std/testing@^1.0.16": "1.0.16",
    "npm:@commander-js/extra-typings@14": "14.0.0_commander@14.0.2",
    "npm:@types/change-case@^2.3.5": "2.3.5",
    "npm:@types/humanize-plus@^1.8.2": "1.8.2",
    "npm:change-case@^5.4.4": "5.4.4",
    "npm:commander@^14.0.2": "14.0.2",
    "npm:humanize-plus@^1.8.2": "1.8.2"
  },
  "jsr": {
    "@std/assert@1.0.16": {
      "integrity": "6a7272ed1eaa77defe76e5ff63ca705d9c495077e2d5fd0126d2b53fc5bd6532",
      "dependencies": [
        "jsr:@std/internal"
      ]
    },
    "@std/data-structures@1.0.9": {
      "integrity": "033d6e17e64bf1f84a614e647c1b015fa2576ae3312305821e1a4cb20674bb4d"
    },
    "@std/fs@1.0.20": {
      "integrity": "e953206aae48d46ee65e8783ded459f23bec7dd1f3879512911c35e5484ea187",
      "dependencies": [
        "jsr:@std/internal",
        "jsr:@std/path@^1.1.3"
      ]
    },
    "@std/internal@1.0.12": {
      "integrity": "972a634fd5bc34b242024402972cd5143eac68d8dffaca5eaa4dba30ce17b027"
    },
    "@std/path@1.1.3": {
      "integrity": "b015962d82a5e6daea980c32b82d2c40142149639968549c649031a230b1afb3",
      "dependencies": [
        "jsr:@std/internal"
      ]
    },
    "@std/testing@1.0.16": {
      "integrity": "a917ffdeb5924c9be436dc78bc32e511760e14d3a96e49c607fc5ecca86d0092",
      "dependencies": [
        "jsr:@std/assert@^1.0.15",
        "jsr:@std/data-structures",
        "jsr:@std/fs@^1.0.19",
        "jsr:@std/internal",
        "jsr:@std/path@^1.1.2"
      ]
    }
  },
  "npm": {
    "@commander-js/extra-typings@14.0.0_commander@14.0.2": {
      "integrity": "sha512-hIn0ncNaJRLkZrxBIp5AsW/eXEHNKYQBh0aPdoUqNgD+Io3NIykQqpKFyKcuasZhicGaEZJX/JBSIkZ4e5x8Dg==",
      "dependencies": [
        "commander"
      ]
    },
    "@types/change-case@2.3.5": {
      "integrity": "sha512-JvctDvBuY3MVSEisGbSgaAdJTcs+2JjBKO60W1Isr3GnX2YZCyJYLDY96bV4eWensEUrQLRGEL+egAkIXYrW1Q==",
      "dependencies": [
        "change-case"
      ],
      "deprecated": true
    },
    "@types/humanize-plus@1.8.2": {
      "integrity": "sha512-uyFFCGYuqU/Cpr8h+iE2k0shDAnXltV0Pd/r6bmxFAvXVss2cvEiQqeZpwuX8BsAtWN0JTipeXrDxdHk4EEhPg=="
    },
    "change-case@5.4.4": {
      "integrity": "sha512-HRQyTk2/YPEkt9TnUPbOpr64Uw3KOicFWPVBb+xiHvd6eBx/qPr9xqfBFDT8P2vWsvvz4jbEkfDe71W3VyNu2w=="
    },
    "commander@14.0.2": {
      "integrity": "sha512-TywoWNNRbhoD0BXs1P3ZEScW8W5iKrnbithIl0YH+uCmBd0QpPOA8yc82DS3BIE5Ma6FnBVUsJ7wVUDz4dvOWQ=="
    },
    "humanize-plus@1.8.2": {
      "integrity": "sha512-jaLeQyyzjjINGv7O9JJegjsaUcWjSj/1dcXvLEgU3pGdqCdP1PiC/uwr+saJXhTNBHZtmKnmpXyazgh+eceRxA=="
    }
  },
  "workspace": {
    "dependencies": [
      "jsr:@std/assert@^1.0.16",
      "jsr:@std/fs@^1.0.20",
      "jsr:@std/path@^1.1.3",
      "jsr:@std/testing@^1.0.16",
      "npm:@commander-js/extra-typings@14",
      "npm:@types/change-case@^2.3.5",
      "npm:@types/humanize-plus@^1.8.2",
      "npm:change-case@^5.4.4",
      "npm:commander@^14.0.2",
      "npm:humanize-plus@^1.8.2"
    ]
  }
}
